
Microsoft Visual Studio Solution File, Format Version 12.00
# Visual Studio Version 16
VisualStudioVersion = 16.0.32929.386
MinimumVisualStudioVersion = 10.0.40219.1
Project("{FAE04EC0-301F-11D3-BF4B-00C04F79EFBC}") = "invokeai_starter", "invokeai_starter\invokeai_starter.csproj", "{808D3A86-36D4-4C7B-8B8C-FCF638D988A7}"
EndProject
Global
	GlobalSection(SolutionConfigurationPlatforms) = preSolution
		Debug|Any CPU = Debug|Any CPU
		Debug|x64 = Debug|x64
		Release|Any CPU = Release|Any CPU
		Release|x64 = Release|x64
	EndGlobalSection
	GlobalSection(ProjectConfigurationPlatforms) = postSolution
		{808D3A86-36D4-4C7B-8B8C-FCF638D988A7}.Debug|Any CPU.ActiveCfg = Debug|Any CPU
		{808D3A86-36D4-4C7B-8B8C-FCF638D988A7}.Debug|Any CPU.Build.0 = Debug|Any CPU
		{808D3A86-36D4-4C7B-8B8C-FCF638D988A7}.Debug|x64.ActiveCfg = Debug|x64
		{808D3A86-36D4-4C7B-8B8C-FCF638D988A7}.Debug|x64.Build.0 = Debug|x64
		{808D3A86-36D4-4C7B-8B8C-FCF638D988A7}.Release|Any CPU.ActiveCfg = Release|Any CPU
		{808D3A86-36D4-4C7B-8B8C-FCF638D988A7}.Release|Any CPU.Build.0 = Release|Any CPU
		{808D3A86-36D4-4C7B-8B8C-FCF638D988A7}.Release|x64.ActiveCfg = Release|x64
		{808D3A86-36D4-4C7B-8B8C-FCF638D988A7}.Release|x64.Build.0 = Release|x64
	EndGlobalSection
	GlobalSection(SolutionProperties) = preSolution
		HideSolutionNode = FALSE
	EndGlobalSection
	GlobalSection(ExtensibilityGlobals) = postSolution
		SolutionGuid = {1FFC9FC7-A13B-418E-99A1-F2AD9CA7A749}
	EndGlobalSection
EndGlobal
